
Microsoft Visual Studio Solution File, Format Version 12.00
# Visual Studio 2013
VisualStudioVersion = 12.0.31101.0
MinimumVisualStudioVersion = 10.0.40219.1
Project("{FAE04EC0-301F-11D3-BF4B-00C04F79EFBC}") = "BarDecoder", "BarDecoder\BarDecoder.csproj", "{2C921AF7-A96C-4A83-94A6-61DFAE11476B}"
EndProject
Global
	GlobalSection(SolutionConfigurationPlatforms) = preSolution
		Debug|Any CPU = Debug|Any CPU
		Release|Any CPU = Release|Any CPU
	EndGlobalSection
	GlobalSection(ProjectConfigurationPlatforms) = postSolution
		{2C921AF7-A96C-4A83-94A6-61DFAE11476B}.Debug|Any CPU.ActiveCfg = Debug|Any CPU
		{2C921AF7-A96C-4A83-94A6-61DFAE11476B}.Debug|Any CPU.Build.0 = Debug|Any CPU
		{2C921AF7-A96C-4A83-94A6-61DFAE11476B}.Release|Any CPU.ActiveCfg = Release|Any CPU
		{2C921AF7-A96C-4A83-94A6-61DFAE11476B}.Release|Any CPU.Build.0 = Release|Any CPU
	EndGlobalSection
	GlobalSection(SolutionProperties) = preSolution
		HideSolutionNode = FALSE
	EndGlobalSection
EndGlobal
